
Microsoft Visual Studio Solution File, Format Version 12.00
# Visual Studio 15
VisualStudioVersion = 15.0.26403.7
MinimumVisualStudioVersion = 10.0.40219.1
Project("{FAE04EC0-301F-11D3-BF4B-00C04F79EFBC}") = "st2forget.utils.commands", "st2forget.utils.commands.csproj", "{CE7C2C52-3D6C-48D0-9078-1DEABF83A351}"
EndProject
Project("{FAE04EC0-301F-11D3-BF4B-00C04F79EFBC}") = "st2forget.utils.commands.test", "..\st2forget.utils.commands.test\st2forget.utils.commands.test.csproj", "{21A24880-83D2-46D2-82F1-624F0ED89689}"
EndProject
Global
	GlobalSection(SolutionConfigurationPlatforms) = preSolution
		Debug|Any CPU = Debug|Any CPU
		Release|Any CPU = Release|Any CPU
	EndGlobalSection
	GlobalSection(ProjectConfigurationPlatforms) = postSolution
		{CE7C2C52-3D6C-48D0-9078-1DEABF83A351}.Debug|Any CPU.ActiveCfg = Debug|Any CPU
		{CE7C2C52-3D6C-48D0-9078-1DEABF83A351}.Debug|Any CPU.Build.0 = Debug|Any CPU
		{CE7C2C52-3D6C-48D0-9078-1DEABF83A351}.Release|Any CPU.ActiveCfg = Release|Any CPU
		{CE7C2C52-3D6C-48D0-9078-1DEABF83A351}.Release|Any CPU.Build.0 = Release|Any CPU
		{21A24880-83D2-46D2-82F1-624F0ED89689}.Debug|Any CPU.ActiveCfg = Debug|Any CPU
		{21A24880-83D2-46D2-82F1-624F0ED89689}.Debug|Any CPU.Build.0 = Debug|Any CPU
		{21A24880-83D2-46D2-82F1-624F0ED89689}.Release|Any CPU.ActiveCfg = Release|Any CPU
		{21A24880-83D2-46D2-82F1-624F0ED89689}.Release|Any CPU.Build.0 = Release|Any CPU
	EndGlobalSection
	GlobalSection(SolutionProperties) = preSolution
		HideSolutionNode = FALSE
	EndGlobalSection
EndGlobal
